// !$*UTF8*$!
{
	archiveVersion = 1;
	classes = {
	};
	objectVersion = 50;
	objects = {

/* Begin PBXBuildFile section */
		7766A2302378A35A004BFD0C /* AppDelegate.swift in Sources */ = {isa = PBXBuildFile; fileRef = 7766A22F2378A35A004BFD0C /* AppDelegate.swift */; };
		7766A2322378A35A004BFD0C /* SceneDelegate.swift in Sources */ = {isa = PBXBuildFile; fileRef = 7766A2312378A35A004BFD0C /* SceneDelegate.swift */; };
		7766A2342378A35A004BFD0C /* TeamDetailsViewController.swift in Sources */ = {isa = PBXBuildFile; fileRef = 7766A2332378A35A004BFD0C /* TeamDetailsViewController.swift */; };
		7766A2372378A35A004BFD0C /* Main.storyboard in Resources */ = {isa = PBXBuildFile; fileRef = 7766A2352378A35A004BFD0C /* Main.storyboard */; };
		7766A2392378A35A004BFD0C /* Assets.xcassets in Resources */ = {isa = PBXBuildFile; fileRef = 7766A2382378A35A004BFD0C /* Assets.xcassets */; };
		7766A23C2378A35A004BFD0C /* LaunchScreen.storyboard in Resources */ = {isa = PBXBuildFile; fileRef = 7766A23A2378A35A004BFD0C /* LaunchScreen.storyboard */; };
		7766A2522378A38F004BFD0C /* Print.swift in Sources */ = {isa = PBXBuildFile; fileRef = 7766A2442378A38F004BFD0C /* Print.swift */; };
		7766A2532378A38F004BFD0C /* SideMenuAnimationController.swift in Sources */ = {isa = PBXBuildFile; fileRef = 7766A2452378A38F004BFD0C /* SideMenuAnimationController.swift */; };
		7766A2542378A38F004BFD0C /* Initializable.swift in Sources */ = {isa = PBXBuildFile; fileRef = 7766A2462378A38F004BFD0C /* Initializable.swift */; };
		7766A2552378A38F004BFD0C /* SideMenuInteractionController.swift in Sources */ = {isa = PBXBuildFile; fileRef = 7766A2472378A38F004BFD0C /* SideMenuInteractionController.swift */; };
		7766A2562378A38F004BFD0C /* Deprecations.swift in Sources */ = {isa = PBXBuildFile; fileRef = 7766A2482378A38F004BFD0C /* Deprecations.swift */; };
		7766A2572378A38F004BFD0C /* SideMenuPresentationStyle.swift in Sources */ = {isa = PBXBuildFile; fileRef = 7766A2492378A38F004BFD0C /* SideMenuPresentationStyle.swift */; };
		7766A2582378A38F004BFD0C /* Protected.swift in Sources */ = {isa = PBXBuildFile; fileRef = 7766A24A2378A38F004BFD0C /* Protected.swift */; };
		7766A2592378A38F004BFD0C /* SideMenuPresentationController.swift in Sources */ = {isa = PBXBuildFile; fileRef = 7766A24B2378A38F004BFD0C /* SideMenuPresentationController.swift */; };
		7766A25A2378A38F004BFD0C /* SideMenuManager.swift in Sources */ = {isa = PBXBuildFile; fileRef = 7766A24C2378A38F004BFD0C /* SideMenuManager.swift */; };
		7766A25B2378A38F004BFD0C /* Extensions.swift in Sources */ = {isa = PBXBuildFile; fileRef = 7766A24D2378A38F004BFD0C /* Extensions.swift */; };
		7766A25C2378A38F004BFD0C /* SideMenuPushCoordinator.swift in Sources */ = {isa = PBXBuildFile; fileRef = 7766A24E2378A38F004BFD0C /* SideMenuPushCoordinator.swift */; };
		7766A25D2378A38F004BFD0C /* SideMenuNavigationController.swift in Sources */ = {isa = PBXBuildFile; fileRef = 7766A24F2378A38F004BFD0C /* SideMenuNavigationController.swift */; };
		7766A25E2378A38F004BFD0C /* SideMenuTransitionController.swift in Sources */ = {isa = PBXBuildFile; fileRef = 7766A2502378A38F004BFD0C /* SideMenuTransitionController.swift */; };
		7766A25F2378A38F004BFD0C /* UITableViewVibrantCell.swift in Sources */ = {isa = PBXBuildFile; fileRef = 7766A2512378A38F004BFD0C /* UITableViewVibrantCell.swift */; };
		7766A2612378A3F2004BFD0C /* TeamListViewController.swift in Sources */ = {isa = PBXBuildFile; fileRef = 7766A2602378A3F2004BFD0C /* TeamListViewController.swift */; };
		7766A2632378C20E004BFD0C /* NetworkManager.swift in Sources */ = {isa = PBXBuildFile; fileRef = 7766A2622378C20E004BFD0C /* NetworkManager.swift */; };
		7766A2652378C8F8004BFD0C /* DataModel.swift in Sources */ = {isa = PBXBuildFile; fileRef = 7766A2642378C8F8004BFD0C /* DataModel.swift */; };
		7766A2692378FAC8004BFD0C /* TeamListTableViewCell.swift in Sources */ = {isa = PBXBuildFile; fileRef = 7766A2682378FAC8004BFD0C /* TeamListTableViewCell.swift */; };
		77BFE78A237A1F3300883296 /* PlayerDetailsViewController.swift in Sources */ = {isa = PBXBuildFile; fileRef = 77BFE789237A1F3300883296 /* PlayerDetailsViewController.swift */; };
		77BFE78E237A4B5E00883296 /* IsoCountries.swift in Sources */ = {isa = PBXBuildFile; fileRef = 77BFE78C237A4B5E00883296 /* IsoCountries.swift */; };
		77BFE78F237A4B5E00883296 /* IsoCountryCodes.swift in Sources */ = {isa = PBXBuildFile; fileRef = 77BFE78D237A4B5E00883296 /* IsoCountryCodes.swift */; };
/* End PBXBuildFile section */

/* Begin PBXFileReference section */
		7766A22C2378A35A004BFD0C /* NHLBrowse.app */ = {isa = PBXFileReference; explicitFileType = wrapper.application; includeInIndex = 0; path = NHLBrowse.app; sourceTree = BUILT_PRODUCTS_DIR; };
		7766A22F2378A35A004BFD0C /* AppDelegate.swift */ = {isa = PBXFileReference; lastKnownFileType = sourcecode.swift; path = AppDelegate.swift; sourceTree = "<group>"; };
		7766A2312378A35A004BFD0C /* SceneDelegate.swift */ = {isa = PBXFileReference; lastKnownFileType = sourcecode.swift; path = SceneDelegate.swift; sourceTree = "<group>"; };
		7766A2332378A35A004BFD0C /* TeamDetailsViewController.swift */ = {isa = PBXFileReference; lastKnownFileType = sourcecode.swift; path = TeamDetailsViewController.swift; sourceTree = "<group>"; };
		7766A2362378A35A004BFD0C /* Base */ = {isa = PBXFileReference; lastKnownFileType = file.storyboard; name = Base; path = Base.lproj/Main.storyboard; sourceTree = "<group>"; };
		7766A2382378A35A004BFD0C /* Assets.xcassets */ = {isa = PBXFileReference; lastKnownFileType = folder.assetcatalog; path = Assets.xcassets; sourceTree = "<group>"; };
		7766A23B2378A35A004BFD0C /* Base */ = {isa = PBXFileReference; lastKnownFileType = file.storyboard; name = Base; path = Base.lproj/LaunchScreen.storyboard; sourceTree = "<group>"; };
		7766A23D2378A35A004BFD0C /* Info.plist */ = {isa = PBXFileReference; lastKnownFileType = text.plist.xml; path = Info.plist; sourceTree = "<group>"; };
		7766A2442378A38F004BFD0C /* Print.swift */ = {isa = PBXFileReference; fileEncoding = 4; lastKnownFileType = sourcecode.swift; path = Print.swift; sourceTree = "<group>"; };
		7766A2452378A38F004BFD0C /* SideMenuAnimationController.swift */ = {isa = PBXFileReference; fileEncoding = 4; lastKnownFileType = sourcecode.swift; path = SideMenuAnimationController.swift; sourceTree = "<group>"; };
		7766A2462378A38F004BFD0C /* Initializable.swift */ = {isa = PBXFileReference; fileEncoding = 4; lastKnownFileType = sourcecode.swift; path = Initializable.swift; sourceTree = "<group>"; };
		7766A2472378A38F004BFD0C /* SideMenuInteractionController.swift */ = {isa = PBXFileReference; fileEncoding = 4; lastKnownFileType = sourcecode.swift; path = SideMenuInteractionController.swift; sourceTree = "<group>"; };
		7766A2482378A38F004BFD0C /* Deprecations.swift */ = {isa = PBXFileReference; fileEncoding = 4; lastKnownFileType = sourcecode.swift; path = Deprecations.swift; sourceTree = "<group>"; };
		7766A2492378A38F004BFD0C /* SideMenuPresentationStyle.swift */ = {isa = PBXFileReference; fileEncoding = 4; lastKnownFileType = sourcecode.swift; path = SideMenuPresentationStyle.swift; sourceTree = "<group>"; };
		7766A24A2378A38F004BFD0C /* Protected.swift */ = {isa = PBXFileReference; fileEncoding = 4; lastKnownFileType = sourcecode.swift; path = Protected.swift; sourceTree = "<group>"; };
		7766A24B2378A38F004BFD0C /* SideMenuPresentationController.swift */ = {isa = PBXFileReference; fileEncoding = 4; lastKnownFileType = sourcecode.swift; path = SideMenuPresentationController.swift; sourceTree = "<group>"; };
		7766A24C2378A38F004BFD0C /* SideMenuManager.swift */ = {isa = PBXFileReference; fileEncoding = 4; lastKnownFileType = sourcecode.swift; path = SideMenuManager.swift; sourceTree = "<group>"; };
		7766A24D2378A38F004BFD0C /* Extensions.swift */ = {isa = PBXFileReference; fileEncoding = 4; lastKnownFileType = sourcecode.swift; path = Extensions.swift; sourceTree = "<group>"; };
		7766A24E2378A38F004BFD0C /* SideMenuPushCoordinator.swift */ = {isa = PBXFileReference; fileEncoding = 4; lastKnownFileType = sourcecode.swift; path = SideMenuPushCoordinator.swift; sourceTree = "<group>"; };
		7766A24F2378A38F004BFD0C /* SideMenuNavigationController.swift */ = {isa = PBXFileReference; fileEncoding = 4; lastKnownFileType = sourcecode.swift; path = SideMenuNavigationController.swift; sourceTree = "<group>"; };
		7766A2502378A38F004BFD0C /* SideMenuTransitionController.swift */ = {isa = PBXFileReference; fileEncoding = 4; lastKnownFileType = sourcecode.swift; path = SideMenuTransitionController.swift; sourceTree = "<group>"; };
		7766A2512378A38F004BFD0C /* UITableViewVibrantCell.swift */ = {isa = PBXFileReference; fileEncoding = 4; lastKnownFileType = sourcecode.swift; path = UITableViewVibrantCell.swift; sourceTree = "<group>"; };
		7766A2602378A3F2004BFD0C /* TeamListViewController.swift */ = {isa = PBXFileReference; lastKnownFileType = sourcecode.swift; path = TeamListViewController.swift; sourceTree = "<group>"; };
		7766A2622378C20E004BFD0C /* NetworkManager.swift */ = {isa = PBXFileReference; lastKnownFileType = sourcecode.swift; path = NetworkManager.swift; sourceTree = "<group>"; };
		7766A2642378C8F8004BFD0C /* DataModel.swift */ = {isa = PBXFileReference; lastKnownFileType = sourcecode.swift; path = DataModel.swift; sourceTree = "<group>"; };
		7766A2682378FAC8004BFD0C /* TeamListTableViewCell.swift */ = {isa = PBXFileReference; lastKnownFileType = sourcecode.swift; path = TeamListTableViewCell.swift; sourceTree = "<group>"; };
		77BFE789237A1F3300883296 /* PlayerDetailsViewController.swift */ = {isa = PBXFileReference; lastKnownFileType = sourcecode.swift; path = PlayerDetailsViewController.swift; sourceTree = "<group>"; };
		77BFE78C237A4B5E00883296 /* IsoCountries.swift */ = {isa = PBXFileReference; fileEncoding = 4; lastKnownFileType = sourcecode.swift; path = IsoCountries.swift; sourceTree = "<group>"; };
		77BFE78D237A4B5E00883296 /* IsoCountryCodes.swift */ = {isa = PBXFileReference; fileEncoding = 4; lastKnownFileType = sourcecode.swift; path = IsoCountryCodes.swift; sourceTree = "<group>"; };
/* End PBXFileReference section */

/* Begin PBXFrameworksBuildPhase section */
		7766A2292378A35A004BFD0C /* Frameworks */ = {
			isa = PBXFrameworksBuildPhase;
			buildActionMask = 2147483647;
			files = (
			);
			runOnlyForDeploymentPostprocessing = 0;
		};
/* End PBXFrameworksBuildPhase section */

/* Begin PBXGroup section */
		7766A2232378A35A004BFD0C = {
			isa = PBXGroup;
			children = (
				7766A22E2378A35A004BFD0C /* NHLBrowse */,
				7766A22D2378A35A004BFD0C /* Products */,
			);
			sourceTree = "<group>";
		};
		7766A22D2378A35A004BFD0C /* Products */ = {
			isa = PBXGroup;
			children = (
				7766A22C2378A35A004BFD0C /* NHLBrowse.app */,
			);
			name = Products;
			sourceTree = "<group>";
		};
		7766A22E2378A35A004BFD0C /* NHLBrowse */ = {
			isa = PBXGroup;
			children = (
				77BFE78B237A4B5E00883296 /* ISOCountryCodes */,
				7766A2432378A38F004BFD0C /* SideMenu */,
				7766A22F2378A35A004BFD0C /* AppDelegate.swift */,
				7766A2312378A35A004BFD0C /* SceneDelegate.swift */,
				7766A2332378A35A004BFD0C /* TeamDetailsViewController.swift */,
				77BFE789237A1F3300883296 /* PlayerDetailsViewController.swift */,
				7766A2622378C20E004BFD0C /* NetworkManager.swift */,
				7766A2642378C8F8004BFD0C /* DataModel.swift */,
				7766A2602378A3F2004BFD0C /* TeamListViewController.swift */,
				7766A2682378FAC8004BFD0C /* TeamListTableViewCell.swift */,
				7766A2352378A35A004BFD0C /* Main.storyboard */,
				7766A2382378A35A004BFD0C /* Assets.xcassets */,
				7766A23A2378A35A004BFD0C /* LaunchScreen.storyboard */,
				7766A23D2378A35A004BFD0C /* Info.plist */,
			);
			path = NHLBrowse;
			sourceTree = "<group>";
		};
		7766A2432378A38F004BFD0C /* SideMenu */ = {
			isa = PBXGroup;
			children = (
				7766A2442378A38F004BFD0C /* Print.swift */,
				7766A2452378A38F004BFD0C /* SideMenuAnimationController.swift */,
				7766A2462378A38F004BFD0C /* Initializable.swift */,
				7766A2472378A38F004BFD0C /* SideMenuInteractionController.swift */,
				7766A2482378A38F004BFD0C /* Deprecations.swift */,
				7766A2492378A38F004BFD0C /* SideMenuPresentationStyle.swift */,
				7766A24A2378A38F004BFD0C /* Protected.swift */,
				7766A24B2378A38F004BFD0C /* SideMenuPresentationController.swift */,
				7766A24C2378A38F004BFD0C /* SideMenuManager.swift */,
				7766A24D2378A38F004BFD0C /* Extensions.swift */,
				7766A24E2378A38F004BFD0C /* SideMenuPushCoordinator.swift */,
				7766A24F2378A38F004BFD0C /* SideMenuNavigationController.swift */,
				7766A2502378A38F004BFD0C /* SideMenuTransitionController.swift */,
				7766A2512378A38F004BFD0C /* UITableViewVibrantCell.swift */,
			);
			path = SideMenu;
			sourceTree = "<group>";
		};
		77BFE78B237A4B5E00883296 /* ISOCountryCodes */ = {
			isa = PBXGroup;
			children = (
				77BFE78C237A4B5E00883296 /* IsoCountries.swift */,
				77BFE78D237A4B5E00883296 /* IsoCountryCodes.swift */,
			);
			path = ISOCountryCodes;
			sourceTree = "<group>";
		};
/* End PBXGroup section */

/* Begin PBXNativeTarget section */
		7766A22B2378A35A004BFD0C /* NHLBrowse */ = {
			isa = PBXNativeTarget;
			buildConfigurationList = 7766A2402378A35A004BFD0C /* Build configuration list for PBXNativeTarget "NHLBrowse" */;
			buildPhases = (
				7766A2282378A35A004BFD0C /* Sources */,
				7766A2292378A35A004BFD0C /* Frameworks */,
				7766A22A2378A35A004BFD0C /* Resources */,
			);
			buildRules = (
			);
			dependencies = (
			);
			name = NHLBrowse;
			productName = NHLBrowse;
			productReference = 7766A22C2378A35A004BFD0C /* NHLBrowse.app */;
			productType = "com.apple.product-type.application";
		};
/* End PBXNativeTarget section */

/* Begin PBXProject section */
		7766A2242378A35A004BFD0C /* Project object */ = {
			isa = PBXProject;
			attributes = {
				LastSwiftUpdateCheck = 1110;
				LastUpgradeCheck = 1110;
				ORGANIZATIONNAME = "Gennady Peymer";
				TargetAttributes = {
					7766A22B2378A35A004BFD0C = {
						CreatedOnToolsVersion = 11.1;
					};
				};
			};
			buildConfigurationList = 7766A2272378A35A004BFD0C /* Build configuration list for PBXProject "NHLBrowse" */;
			compatibilityVersion = "Xcode 9.3";
			developmentRegion = en;
			hasScannedForEncodings = 0;
			knownRegions = (
				en,
				Base,
			);
			mainGroup = 7766A2232378A35A004BFD0C;
			productRefGroup = 7766A22D2378A35A004BFD0C /* Products */;
			projectDirPath = "";
			projectRoot = "";
			targets = (
				7766A22B2378A35A004BFD0C /* NHLBrowse */,
			);
		};
/* End PBXProject section */

/* Begin PBXResourcesBuildPhase section */
		7766A22A2378A35A004BFD0C /* Resources */ = {
			isa = PBXResourcesBuildPhase;
			buildActionMask = 2147483647;
			files = (
				7766A23C2378A35A004BFD0C /* LaunchScreen.storyboard in Resources */,
				7766A2392378A35A004BFD0C /* Assets.xcassets in Resources */,
				7766A2372378A35A004BFD0C /* Main.storyboard in Resources */,
			);
			runOnlyForDeploymentPostprocessing = 0;
		};
/* End PBXResourcesBuildPhase section */

/* Begin PBXSourcesBuildPhase section */
		7766A2282378A35A004BFD0C /* Sources */ = {
			isa = PBXSourcesBuildPhase;
			buildActionMask = 2147483647;
			files = (
				7766A2632378C20E004BFD0C /* NetworkManager.swift in Sources */,
				7766A2692378FAC8004BFD0C /* TeamListTableViewCell.swift in Sources */,
				7766A2592378A38F004BFD0C /* SideMenuPresentationController.swift in Sources */,
				7766A25A2378A38F004BFD0C /* SideMenuManager.swift in Sources */,
				7766A2582378A38F004BFD0C /* Protected.swift in Sources */,
				77BFE78F237A4B5E00883296 /* IsoCountryCodes.swift in Sources */,
				7766A2342378A35A004BFD0C /* TeamDetailsViewController.swift in Sources */,
				7766A2652378C8F8004BFD0C /* DataModel.swift in Sources */,
				7766A25F2378A38F004BFD0C /* UITableViewVibrantCell.swift in Sources */,
				77BFE78E237A4B5E00883296 /* IsoCountries.swift in Sources */,
				7766A2542378A38F004BFD0C /* Initializable.swift in Sources */,
				7766A2572378A38F004BFD0C /* SideMenuPresentationStyle.swift in Sources */,
				7766A2302378A35A004BFD0C /* AppDelegate.swift in Sources */,
				7766A2532378A38F004BFD0C /* SideMenuAnimationController.swift in Sources */,
				7766A25B2378A38F004BFD0C /* Extensions.swift in Sources */,
				7766A2322378A35A004BFD0C /* SceneDelegate.swift in Sources */,
				77BFE78A237A1F3300883296 /* PlayerDetailsViewController.swift in Sources */,
				7766A25C2378A38F004BFD0C /* SideMenuPushCoordinator.swift in Sources */,
				7766A2522378A38F004BFD0C /* Print.swift in Sources */,
				7766A2562378A38F004BFD0C /* Deprecations.swift in Sources */,
				7766A25D2378A38F004BFD0C /* SideMenuNavigationController.swift in Sources */,
				7766A25E2378A38F004BFD0C /* SideMenuTransitionController.swift in Sources */,
				7766A2552378A38F004BFD0C /* SideMenuInteractionController.swift in Sources */,
				7766A2612378A3F2004BFD0C /* TeamListViewController.swift in Sources */,
			);
			runOnlyForDeploymentPostprocessing = 0;
		};
/* End PBXSourcesBuildPhase section */

/* Begin PBXVariantGroup section */
		7766A2352378A35A004BFD0C /* Main.storyboard */ = {
			isa = PBXVariantGroup;
			children = (
				7766A2362378A35A004BFD0C /* Base */,
			);
			name = Main.storyboard;
			sourceTree = "<group>";
		};
		7766A23A2378A35A004BFD0C /* LaunchScreen.storyboard */ = {
			isa = PBXVariantGroup;
			children = (
				7766A23B2378A35A004BFD0C /* Base */,
			);
			name = LaunchScreen.storyboard;
			sourceTree = "<group>";
		};
/* End PBXVariantGroup section */

/* Begin XCBuildConfiguration section */
		7766A23E2378A35A004BFD0C /* Debug */ = {
			isa = XCBuildConfiguration;
			buildSettings = {
				ALWAYS_SEARCH_USER_PATHS = NO;
				CLANG_ANALYZER_NONNULL = YES;
				CLANG_ANALYZER_NUMBER_OBJECT_CONVERSION = YES_AGGRESSIVE;
				CLANG_CXX_LANGUAGE_STANDARD = "gnu++14";
				CLANG_CXX_LIBRARY = "libc++";
				CLANG_ENABLE_MODULES = YES;
				CLANG_ENABLE_OBJC_ARC = YES;
				CLANG_ENABLE_OBJC_WEAK = YES;
				CLANG_WARN_BLOCK_CAPTURE_AUTORELEASING = YES;
				CLANG_WARN_BOOL_CONVERSION = YES;
				CLANG_WARN_COMMA = YES;
				CLANG_WARN_CONSTANT_CONVERSION = YES;
				CLANG_WARN_DEPRECATED_OBJC_IMPLEMENTATIONS = YES;
				CLANG_WARN_DIRECT_OBJC_ISA_USAGE = YES_ERROR;
				CLANG_WARN_DOCUMENTATION_COMMENTS = YES;
				CLANG_WARN_EMPTY_BODY = YES;
				CLANG_WARN_ENUM_CONVERSION = YES;
				CLANG_WARN_INFINITE_RECURSION = YES;
				CLANG_WARN_INT_CONVERSION = YES;
				CLANG_WARN_NON_LITERAL_NULL_CONVERSION = YES;
				CLANG_WARN_OBJC_IMPLICIT_RETAIN_SELF = YES;
				CLANG_WARN_OBJC_LITERAL_CONVERSION = YES;
				CLANG_WARN_OBJC_ROOT_CLASS = YES_ERROR;
				CLANG_WARN_RANGE_LOOP_ANALYSIS = YES;
				CLANG_WARN_STRICT_PROTOTYPES = YES;
				CLANG_WARN_SUSPICIOUS_MOVE = YES;
				CLANG_WARN_UNGUARDED_AVAILABILITY = YES_AGGRESSIVE;
				CLANG_WARN_UNREACHABLE_CODE = YES;
				CLANG_WARN__DUPLICATE_METHOD_MATCH = YES;
				COPY_PHASE_STRIP = NO;
				DEBUG_INFORMATION_FORMAT = dwarf;
				ENABLE_STRICT_OBJC_MSGSEND = YES;
				ENABLE_TESTABILITY = YES;
				GCC_C_LANGUAGE_STANDARD = gnu11;
				GCC_DYNAMIC_NO_PIC = NO;
				GCC_NO_COMMON_BLOCKS = YES;
				GCC_OPTIMIZATION_LEVEL = 0;
				GCC_PREPROCESSOR_DEFINITIONS = (
					"DEBUG=1",
					"$(inherited)",
				);
				GCC_WARN_64_TO_32_BIT_CONVERSION = YES;
				GCC_WARN_ABOUT_RETURN_TYPE = YES_ERROR;
				GCC_WARN_UNDECLARED_SELECTOR = YES;
				GCC_WARN_UNINITIALIZED_AUTOS = YES_AGGRESSIVE;
				GCC_WARN_UNUSED_FUNCTION = YES;
				GCC_WARN_UNUSED_VARIABLE = YES;
				IPHONEOS_DEPLOYMENT_TARGET = 13.1;
				MTL_ENABLE_DEBUG_INFO = INCLUDE_SOURCE;
				MTL_FAST_MATH = YES;
				ONLY_ACTIVE_ARCH = YES;
				SDKROOT = iphoneos;
				SWIFT_ACTIVE_COMPILATION_CONDITIONS = DEBUG;
				SWIFT_OPTIMIZATION_LEVEL = "-Onone";
			};
			name = Debug;
		};
		7766A23F2378A35A004BFD0C /* Release */ = {
			isa = XCBuildConfiguration;
			buildSettings = {
				ALWAYS_SEARCH_USER_PATHS = NO;
				CLANG_ANALYZER_NONNULL = YES;
				CLANG_ANALYZER_NUMBER_OBJECT_CONVERSION = YES_AGGRESSIVE;
				CLANG_CXX_LANGUAGE_STANDARD = "gnu++14";
				CLANG_CXX_LIBRARY = "libc++";
				CLANG_ENABLE_MODULES = YES;
				CLANG_ENABLE_OBJC_ARC = YES;
				CLANG_ENABLE_OBJC_WEAK = YES;
				CLANG_WARN_BLOCK_CAPTURE_AUTORELEASING = YES;
				CLANG_WARN_BOOL_CONVERSION = YES;
				CLANG_WARN_COMMA = YES;
				CLANG_WARN_CONSTANT_CONVERSION = YES;
				CLANG_WARN_DEPRECATED_OBJC_IMPLEMENTATIONS = YES;
				CLANG_WARN_DIRECT_OBJC_ISA_USAGE = YES_ERROR;
				CLANG_WARN_DOCUMENTATION_COMMENTS = YES;
				CLANG_WARN_EMPTY_BODY = YES;
				CLANG_WARN_ENUM_CONVERSION = YES;
				CLANG_WARN_INFINITE_RECURSION = YES;
				CLANG_WARN_INT_CONVERSION = YES;
				CLANG_WARN_NON_LITERAL_NULL_CONVERSION = YES;
				CLANG_WARN_OBJC_IMPLICIT_RETAIN_SELF = YES;
				CLANG_WARN_OBJC_LITERAL_CONVERSION = YES;
				CLANG_WARN_OBJC_ROOT_CLASS = YES_ERROR;
				CLANG_WARN_RANGE_LOOP_ANALYSIS = YES;
				CLANG_WARN_STRICT_PROTOTYPES = YES;
				CLANG_WARN_SUSPICIOUS_MOVE = YES;
				CLANG_WARN_UNGUARDED_AVAILABILITY = YES_AGGRESSIVE;
				CLANG_WARN_UNREACHABLE_CODE = YES;
				CLANG_WARN__DUPLICATE_METHOD_MATCH = YES;
				COPY_PHASE_STRIP = NO;
				DEBUG_INFORMATION_FORMAT = "dwarf-with-dsym";
				ENABLE_NS_ASSERTIONS = NO;
				ENABLE_STRICT_OBJC_MSGSEND = YES;
				GCC_C_LANGUAGE_STANDARD = gnu11;
				GCC_NO_COMMON_BLOCKS = YES;
				GCC_WARN_64_TO_32_BIT_CONVERSION = YES;
				GCC_WARN_ABOUT_RETURN_TYPE = YES_ERROR;
				GCC_WARN_UNDECLARED_SELECTOR = YES;
				GCC_WARN_UNINITIALIZED_AUTOS = YES_AGGRESSIVE;
				GCC_WARN_UNUSED_FUNCTION = YES;
				GCC_WARN_UNUSED_VARIABLE = YES;
				IPHONEOS_DEPLOYMENT_TARGET = 13.1;
				MTL_ENABLE_DEBUG_INFO = NO;
				MTL_FAST_MATH = YES;
				SDKROOT = iphoneos;
				SWIFT_COMPILATION_MODE = wholemodule;
				SWIFT_OPTIMIZATION_LEVEL = "-O";
				VALIDATE_PRODUCT = YES;
			};
			name = Release;
		};
		7766A2412378A35A004BFD0C /* Debug */ = {
			isa = XCBuildConfiguration;
			buildSettings = {
				ASSETCATALOG_COMPILER_APPICON_NAME = AppIcon;
				CODE_SIGN_STYLE = Automatic;
				INFOPLIST_FILE = NHLBrowse/Info.plist;
				LD_RUNPATH_SEARCH_PATHS = (
					"$(inherited)",
					"@executable_path/Frameworks",
				);
				PRODUCT_BUNDLE_IDENTIFIER = gpeymer.NHLBrowse;
				PRODUCT_NAME = "$(TARGET_NAME)";
				SWIFT_VERSION = 5.0;
				TARGETED_DEVICE_FAMILY = "1,2";
			};
			name = Debug;
		};
		7766A2422378A35A004BFD0C /* Release */ = {
			isa = XCBuildConfiguration;
			buildSettings = {
				ASSETCATALOG_COMPILER_APPICON_NAME = AppIcon;
				CODE_SIGN_STYLE = Automatic;
				INFOPLIST_FILE = NHLBrowse/Info.plist;
				LD_RUNPATH_SEARCH_PATHS = (
					"$(inherited)",
					"@executable_path/Frameworks",
				);
				PRODUCT_BUNDLE_IDENTIFIER = gpeymer.NHLBrowse;
				PRODUCT_NAME = "$(TARGET_NAME)";
				SWIFT_VERSION = 5.0;
				TARGETED_DEVICE_FAMILY = "1,2";
			};
			name = Release;
		};
/* End XCBuildConfiguration section */

/* Begin XCConfigurationList section */
		7766A2272378A35A004BFD0C /* Build configuration list for PBXProject "NHLBrowse" */ = {
			isa = XCConfigurationList;
			buildConfigurations = (
				7766A23E2378A35A004BFD0C /* Debug */,
				7766A23F2378A35A004BFD0C /* Release */,
			);
			defaultConfigurationIsVisible = 0;
			defaultConfigurationName = Release;
		};
		7766A2402378A35A004BFD0C /* Build configuration list for PBXNativeTarget "NHLBrowse" */ = {
			isa = XCConfigurationList;
			buildConfigurations = (
				7766A2412378A35A004BFD0C /* Debug */,
				7766A2422378A35A004BFD0C /* Release */,
			);
			defaultConfigurationIsVisible = 0;
			defaultConfigurationName = Release;
		};
/* End XCConfigurationList section */
	};
	rootObject = 7766A2242378A35A004BFD0C /* Project object */;
}
